
Microsoft Visual Studio Solution File, Format Version 12.00
# Visual Studio Version 17
VisualStudioVersion = 17.6.33829.357
MinimumVisualStudioVersion = 10.0.40219.1
Project("{FAE04EC0-301F-11D3-BF4B-00C04F79EFBC}") = "NetBoy", "NetBoy\NetBoy.csproj", "{BB5A461F-6501-4F43-9C38-AB219D80018D}"
EndProject
Global
	GlobalSection(SolutionConfigurationPlatforms) = preSolution
		Debug|Any CPU = Debug|Any CPU
		Release|Any CPU = Release|Any CPU
	EndGlobalSection
	GlobalSection(ProjectConfigurationPlatforms) = postSolution
		{BB5A461F-6501-4F43-9C38-AB219D80018D}.Debug|Any CPU.ActiveCfg = Debug|Any CPU
		{BB5A461F-6501-4F43-9C38-AB219D80018D}.Debug|Any CPU.Build.0 = Debug|Any CPU
		{BB5A461F-6501-4F43-9C38-AB219D80018D}.Release|Any CPU.ActiveCfg = Release|Any CPU
		{BB5A461F-6501-4F43-9C38-AB219D80018D}.Release|Any CPU.Build.0 = Release|Any CPU
	EndGlobalSection
	GlobalSection(SolutionProperties) = preSolution
		HideSolutionNode = FALSE
	EndGlobalSection
	GlobalSection(ExtensibilityGlobals) = postSolution
		SolutionGuid = {F78E8869-2730-40A7-A5A2-999469064D9E}
	EndGlobalSection
EndGlobal
